<?xml version="1.0" encoding="utf-8"?>
<Project ToolsVersion="4.0" xmlns="http://schemas.microsoft.com/developer/msbuild/2003">
  <ItemGroup>
    <Filter Include="Source Files">
      <UniqueIdentifier>{4FC737F1-C7A5-4376-A066-2A32D752A2FF}</UniqueIdentifier>
      <Extensions>cpp;c;cc;cxx;def;odl;idl;hpj;bat;asm;asmx</Extensions>
    </Filter>
    <Filter Include="Header Files">
      <UniqueIdentifier>{93995380-89BD-4b04-88EB-625FBE52EBFB}</UniqueIdentifier>
      <Extensions>h;hh;hpp;hxx;hm;inl;inc;ipp;xsd</Extensions>
    </Filter>
    <Filter Include="Header Files\EverythingElse">
      <UniqueIdentifier>{500f673f-63c9-4a38-b961-90ed80ef7d04}</UniqueIdentifier>
    </Filter>
    <Filter Include="Characters">
      <UniqueIdentifier>{e4c19218-0f9a-4484-aa6c-14e7ad97b419}</UniqueIdentifier>
    </Filter>
  </ItemGroup>
  <ItemGroup>
    <ClInclude Include="CanAttack.h">
      <Filter>Header Files\EverythingElse</Filter>
    </ClInclude>
    <ClInclude Include="ChatCommand.h">
      <Filter>Header Files\EverythingElse</Filter>
    </ClInclude>
    <ClInclude Include="D4Instance.h">
      <Filter>Header Files\EverythingElse</Filter>
    </ClInclude>
    <ClInclude Include="FinalDamage.h">
      <Filter>Header Files\EverythingElse</Filter>
    </ClInclude>
    <ClInclude Include="IItem.h">
      <Filter>Header Files\EverythingElse</Filter>
    </ClInclude>
    <ClInclude Include="InstaConfig.h">
      <Filter>Header Files\EverythingElse</Filter>
    </ClInclude>
    <ClInclude Include="IQuest.h">
      <Filter>Header Files\EverythingElse</Filter>
    </ClInclude>
    <ClInclude Include="ISkill.h">
      <Filter>Header Files\EverythingElse</Filter>
    </ClInclude>
    <ClInclude Include="MonsterTick.h">
      <Filter>Header Files\EverythingElse</Filter>
    </ClInclude>
    <ClInclude Include="UpdateProperty.h">
      <Filter>Header Files\EverythingElse</Filter>
    </ClInclude>
    <ClInclude Include="PKKill.h">
      <Filter>Header Files\EverythingElse</Filter>
    </ClInclude>
    <ClInclude Include="Packet.h">
      <Filter>Header Files\EverythingElse</Filter>
    </ClInclude>
    <ClInclude Include="Player.h">
      <Filter>Header Files\EverythingElse</Filter>
    </ClInclude>
    <ClInclude Include="ServerFunctions.h">
      <Filter>Header Files\EverythingElse</Filter>
    </ClInclude>
    <ClInclude Include="Summon.h">
      <Filter>Header Files\EverythingElse</Filter>
    </ClInclude>
    <ClInclude Include="ExecuteSkill.h">
      <Filter>Header Files\EverythingElse</Filter>
    </ClInclude>
    <ClInclude Include="SendMail.h">
      <Filter>Header Files\EverythingElse</Filter>
    </ClInclude>
    <ClInclude Include="CArcher.h">
      <Filter>Characters</Filter>
    </ClInclude>
    <ClInclude Include="CKnight.h">
      <Filter>Characters</Filter>
    </ClInclude>
    <ClInclude Include="CMage.h">
      <Filter>Characters</Filter>
    </ClInclude>
    <ClInclude Include="Resources.h">
      <Filter>Characters</Filter>
    </ClInclude>
    <ClInclude Include="IConfig.h">
      <Filter>Source Files</Filter>
    </ClInclude>
    <ClInclude Include="ICharacter.h">
      <Filter>Source Files</Filter>
    </ClInclude>
    <ClInclude Include="RAII.h">
      <Filter>Source Files</Filter>
    </ClInclude>
  </ItemGroup>
  <ItemGroup>
    <ClCompile Include="PLS.cpp">
      <Filter>Source Files</Filter>
    </ClCompile>
    <ClCompile Include="ISkill.cpp">
      <Filter>Source Files</Filter>
    </ClCompile>
    <ClCompile Include="main.cpp">
      <Filter>Source Files</Filter>
    </ClCompile>
    <ClCompile Include="IQuest.cpp">
      <Filter>Source Files</Filter>
    </ClCompile>
    <ClCompile Include="IItem.cpp">
      <Filter>Source Files</Filter>
    </ClCompile>
    <ClCompile Include="CMage.cpp">
      <Filter>Characters</Filter>
    </ClCompile>
    <ClCompile Include="CKnight.cpp">
      <Filter>Characters</Filter>
    </ClCompile>
    <ClCompile Include="CArcher.cpp">
      <Filter>Characters</Filter>
    </ClCompile>
    <ClCompile Include="ICharacter.cpp">
      <Filter>Source Files</Filter>
    </ClCompile>
    <ClCompile Include="IConfig.cpp">
      <Filter>Source Files</Filter>
    </ClCompile>
  </ItemGroup>
</Project>